<?xml version="1.0" encoding="utf-8"?>
<Project ToolsVersion="4.0" xmlns="http://schemas.microsoft.com/developer/msbuild/2003">
  <ItemGroup>
    <Filter Include="Source Files">
      <UniqueIdentifier>{4FC737F1-C7A5-4376-A066-2A32D752A2FF}</UniqueIdentifier>
      <Extensions>cpp;c;cc;cxx;def;odl;idl;hpj;bat;asm;asmx</Extensions>
    </Filter>
    <Filter Include="Header Files">
      <UniqueIdentifier>{93995380-89BD-4b04-88EB-625FBE52EBFB}</UniqueIdentifier>
      <Extensions>h;hh;hpp;hxx;hm;inl;inc;ipp;xsd</Extensions>
    </Filter>
    <Filter Include="Resource Files">
      <UniqueIdentifier>{67DA6AB6-F800-4c08-8B7A-83BB121AAD01}</UniqueIdentifier>
      <Extensions>rc;ico;cur;bmp;dlg;rc2;rct;bin;rgs;gif;jpg;jpeg;jpe;resx;tiff;tif;png;wav;mfcribbon-ms</Extensions>
    </Filter>
    <Filter Include="BisonFlex Files">
      <UniqueIdentifier>{127d3ded-6a9c-49c8-87c3-1c26ff92a2fd}</UniqueIdentifier>
    </Filter>
    <Filter Include="Generated Files">
      <UniqueIdentifier>{83fc806d-0d27-4e26-bad5-0b4cff0fc215}</UniqueIdentifier>
    </Filter>
  </ItemGroup>
  <ItemGroup>
    <CustomBuild Include="..\..\..\..\Desktop\git\cs540\scanner.l">
      <Filter>BisonFlex Files</Filter>
    </CustomBuild>
    <CustomBuild Include="..\..\..\..\Desktop\git\cs540\parser.y">
      <Filter>BisonFlex Files</Filter>
    </CustomBuild>
  </ItemGroup>
  <ItemGroup>
    <ClCompile Include="parser.cpp">
      <Filter>Generated Files</Filter>
    </ClCompile>
    <ClCompile Include="scanner.cpp">
      <Filter>Generated Files</Filter>
    </ClCompile>
    <ClCompile Include="Object.cpp">
      <Filter>Source Files</Filter>
    </ClCompile>
  </ItemGroup>
  <ItemGroup>
    <ClInclude Include="parser.hpp">
      <Filter>Generated Files</Filter>
    </ClInclude>
    <ClInclude Include="scanner.h">
      <Filter>Generated Files</Filter>
    </ClInclude>
    <ClInclude Include="Object.h">
      <Filter>Source Files</Filter>
    </ClInclude>
  </ItemGroup>
</Project>